// !$*UTF8*$!
{
	archiveVersion = 1;
	classes = {
	};
	objectVersion = 50;
	objects = {

/* Begin PBXBuildFile section */
		9C1E931B2109A84F005740B4 /* AppDelegate.swift in Sources */ = {isa = PBXBuildFile; fileRef = 9C1E931A2109A84F005740B4 /* AppDelegate.swift */; };
		9C1E931D2109A84F005740B4 /* ViewController.swift in Sources */ = {isa = PBXBuildFile; fileRef = 9C1E931C2109A84F005740B4 /* ViewController.swift */; };
		9C1E93202109A84F005740B4 /* Main.storyboard in Resources */ = {isa = PBXBuildFile; fileRef = 9C1E931E2109A84F005740B4 /* Main.storyboard */; };
		9C1E93222109A859005740B4 /* Assets.xcassets in Resources */ = {isa = PBXBuildFile; fileRef = 9C1E93212109A859005740B4 /* Assets.xcassets */; };
		9C1E93252109A859005740B4 /* LaunchScreen.storyboard in Resources */ = {isa = PBXBuildFile; fileRef = 9C1E93232109A859005740B4 /* LaunchScreen.storyboard */; };
		9C1E93302109A859005740B4 /* ______Tests.swift in Sources */ = {isa = PBXBuildFile; fileRef = 9C1E932F2109A859005740B4 /* ______Tests.swift */; };
		9C1E933B2109A859005740B4 /* ______UITests.swift in Sources */ = {isa = PBXBuildFile; fileRef = 9C1E933A2109A859005740B4 /* ______UITests.swift */; };
		9C1E93492109ADC5005740B4 /* Dictionary.swift in Sources */ = {isa = PBXBuildFile; fileRef = 9C1E93482109ADC5005740B4 /* Dictionary.swift */; };
		9C1E934C2109D169005740B4 /* FlyLabelView.swift in Sources */ = {isa = PBXBuildFile; fileRef = 9C1E934A2109D169005740B4 /* FlyLabelView.swift */; };
		9C1E934D2109D169005740B4 /* FlyLabelView.xib in Resources */ = {isa = PBXBuildFile; fileRef = 9C1E934B2109D169005740B4 /* FlyLabelView.xib */; };
		9C1E93512109D716005740B4 /* DanMuManager.swift in Sources */ = {isa = PBXBuildFile; fileRef = 9C1E93502109D716005740B4 /* DanMuManager.swift */; };
/* End PBXBuildFile section */

/* Begin PBXContainerItemProxy section */
		9C1E932C2109A859005740B4 /* PBXContainerItemProxy */ = {
			isa = PBXContainerItemProxy;
			containerPortal = 9C1E930F2109A84F005740B4 /* Project object */;
			proxyType = 1;
			remoteGlobalIDString = 9C1E93162109A84F005740B4;
			remoteInfo = "第三方库学习";
		};
		9C1E93372109A859005740B4 /* PBXContainerItemProxy */ = {
			isa = PBXContainerItemProxy;
			containerPortal = 9C1E930F2109A84F005740B4 /* Project object */;
			proxyType = 1;
			remoteGlobalIDString = 9C1E93162109A84F005740B4;
			remoteInfo = "第三方库学习";
		};
/* End PBXContainerItemProxy section */

/* Begin PBXFileReference section */
		9C1E93172109A84F005740B4 /* 第三方库学习.app */ = {isa = PBXFileReference; explicitFileType = wrapper.application; includeInIndex = 0; path = "第三方库学习.app"; sourceTree = BUILT_PRODUCTS_DIR; };
		9C1E931A2109A84F005740B4 /* AppDelegate.swift */ = {isa = PBXFileReference; lastKnownFileType = sourcecode.swift; path = AppDelegate.swift; sourceTree = "<group>"; };
		9C1E931C2109A84F005740B4 /* ViewController.swift */ = {isa = PBXFileReference; lastKnownFileType = sourcecode.swift; path = ViewController.swift; sourceTree = "<group>"; };
		9C1E931F2109A84F005740B4 /* Base */ = {isa = PBXFileReference; lastKnownFileType = file.storyboard; name = Base; path = Base.lproj/Main.storyboard; sourceTree = "<group>"; };
		9C1E93212109A859005740B4 /* Assets.xcassets */ = {isa = PBXFileReference; lastKnownFileType = folder.assetcatalog; path = Assets.xcassets; sourceTree = "<group>"; };
		9C1E93242109A859005740B4 /* Base */ = {isa = PBXFileReference; lastKnownFileType = file.storyboard; name = Base; path = Base.lproj/LaunchScreen.storyboard; sourceTree = "<group>"; };
		9C1E93262109A859005740B4 /* Info.plist */ = {isa = PBXFileReference; lastKnownFileType = text.plist.xml; path = Info.plist; sourceTree = "<group>"; };
		9C1E932B2109A859005740B4 /* 第三方库学习Tests.xctest */ = {isa = PBXFileReference; explicitFileType = wrapper.cfbundle; includeInIndex = 0; path = "第三方库学习Tests.xctest"; sourceTree = BUILT_PRODUCTS_DIR; };
		9C1E932F2109A859005740B4 /* ______Tests.swift */ = {isa = PBXFileReference; lastKnownFileType = sourcecode.swift; path = "______Tests.swift"; sourceTree = "<group>"; };
		9C1E93312109A859005740B4 /* Info.plist */ = {isa = PBXFileReference; lastKnownFileType = text.plist.xml; path = Info.plist; sourceTree = "<group>"; };
		9C1E93362109A859005740B4 /* 第三方库学习UITests.xctest */ = {isa = PBXFileReference; explicitFileType = wrapper.cfbundle; includeInIndex = 0; path = "第三方库学习UITests.xctest"; sourceTree = BUILT_PRODUCTS_DIR; };
		9C1E933A2109A859005740B4 /* ______UITests.swift */ = {isa = PBXFileReference; lastKnownFileType = sourcecode.swift; path = "______UITests.swift"; sourceTree = "<group>"; };
		9C1E933C2109A859005740B4 /* Info.plist */ = {isa = PBXFileReference; lastKnownFileType = text.plist.xml; path = Info.plist; sourceTree = "<group>"; };
		9C1E93482109ADC5005740B4 /* Dictionary.swift */ = {isa = PBXFileReference; fileEncoding = 4; lastKnownFileType = sourcecode.swift; path = Dictionary.swift; sourceTree = "<group>"; };
		9C1E934A2109D169005740B4 /* FlyLabelView.swift */ = {isa = PBXFileReference; lastKnownFileType = sourcecode.swift; path = FlyLabelView.swift; sourceTree = "<group>"; };
		9C1E934B2109D169005740B4 /* FlyLabelView.xib */ = {isa = PBXFileReference; lastKnownFileType = file.xib; path = FlyLabelView.xib; sourceTree = "<group>"; };
		9C1E93502109D716005740B4 /* DanMuManager.swift */ = {isa = PBXFileReference; lastKnownFileType = sourcecode.swift; path = DanMuManager.swift; sourceTree = "<group>"; };
/* End PBXFileReference section */

/* Begin PBXFrameworksBuildPhase section */
		9C1E93142109A84F005740B4 /* Frameworks */ = {
			isa = PBXFrameworksBuildPhase;
			buildActionMask = 2147483647;
			files = (
			);
			runOnlyForDeploymentPostprocessing = 0;
		};
		9C1E93282109A859005740B4 /* Frameworks */ = {
			isa = PBXFrameworksBuildPhase;
			buildActionMask = 2147483647;
			files = (
			);
			runOnlyForDeploymentPostprocessing = 0;
		};
		9C1E93332109A859005740B4 /* Frameworks */ = {
			isa = PBXFrameworksBuildPhase;
			buildActionMask = 2147483647;
			files = (
			);
			runOnlyForDeploymentPostprocessing = 0;
		};
/* End PBXFrameworksBuildPhase section */

/* Begin PBXGroup section */
		9C1E930E2109A84F005740B4 = {
			isa = PBXGroup;
			children = (
				9C1E93192109A84F005740B4 /* 第三方库学习 */,
				9C1E932E2109A859005740B4 /* 第三方库学习Tests */,
				9C1E93392109A859005740B4 /* 第三方库学习UITests */,
				9C1E93182109A84F005740B4 /* Products */,
			);
			sourceTree = "<group>";
		};
		9C1E93182109A84F005740B4 /* Products */ = {
			isa = PBXGroup;
			children = (
				9C1E93172109A84F005740B4 /* 第三方库学习.app */,
				9C1E932B2109A859005740B4 /* 第三方库学习Tests.xctest */,
				9C1E93362109A859005740B4 /* 第三方库学习UITests.xctest */,
			);
			name = Products;
			sourceTree = "<group>";
		};
		9C1E93192109A84F005740B4 /* 第三方库学习 */ = {
			isa = PBXGroup;
			children = (
				9C1E931A2109A84F005740B4 /* AppDelegate.swift */,
				9C1E931C2109A84F005740B4 /* ViewController.swift */,
				9C1E93502109D716005740B4 /* DanMuManager.swift */,
				9C1E934A2109D169005740B4 /* FlyLabelView.swift */,
				9C1E934B2109D169005740B4 /* FlyLabelView.xib */,
				9C1E93482109ADC5005740B4 /* Dictionary.swift */,
				9C1E931E2109A84F005740B4 /* Main.storyboard */,
				9C1E93212109A859005740B4 /* Assets.xcassets */,
				9C1E93232109A859005740B4 /* LaunchScreen.storyboard */,
				9C1E93262109A859005740B4 /* Info.plist */,
			);
			path = "第三方库学习";
			sourceTree = "<group>";
		};
		9C1E932E2109A859005740B4 /* 第三方库学习Tests */ = {
			isa = PBXGroup;
			children = (
				9C1E932F2109A859005740B4 /* ______Tests.swift */,
				9C1E93312109A859005740B4 /* Info.plist */,
			);
			path = "第三方库学习Tests";
			sourceTree = "<group>";
		};
		9C1E93392109A859005740B4 /* 第三方库学习UITests */ = {
			isa = PBXGroup;
			children = (
				9C1E933A2109A859005740B4 /* ______UITests.swift */,
				9C1E933C2109A859005740B4 /* Info.plist */,
			);
			path = "第三方库学习UITests";
			sourceTree = "<group>";
		};
/* End PBXGroup section */

/* Begin PBXNativeTarget section */
		9C1E93162109A84F005740B4 /* 第三方库学习 */ = {
			isa = PBXNativeTarget;
			buildConfigurationList = 9C1E933F2109A859005740B4 /* Build configuration list for PBXNativeTarget "第三方库学习" */;
			buildPhases = (
				9C1E93132109A84F005740B4 /* Sources */,
				9C1E93142109A84F005740B4 /* Frameworks */,
				9C1E93152109A84F005740B4 /* Resources */,
			);
			buildRules = (
			);
			dependencies = (
			);
			name = "第三方库学习";
			productName = "第三方库学习";
			productReference = 9C1E93172109A84F005740B4 /* 第三方库学习.app */;
			productType = "com.apple.product-type.application";
		};
		9C1E932A2109A859005740B4 /* 第三方库学习Tests */ = {
			isa = PBXNativeTarget;
			buildConfigurationList = 9C1E93422109A859005740B4 /* Build configuration list for PBXNativeTarget "第三方库学习Tests" */;
			buildPhases = (
				9C1E93272109A859005740B4 /* Sources */,
				9C1E93282109A859005740B4 /* Frameworks */,
				9C1E93292109A859005740B4 /* Resources */,
			);
			buildRules = (
			);
			dependencies = (
				9C1E932D2109A859005740B4 /* PBXTargetDependency */,
			);
			name = "第三方库学习Tests";
			productName = "第三方库学习Tests";
			productReference = 9C1E932B2109A859005740B4 /* 第三方库学习Tests.xctest */;
			productType = "com.apple.product-type.bundle.unit-test";
		};
		9C1E93352109A859005740B4 /* 第三方库学习UITests */ = {
			isa = PBXNativeTarget;
			buildConfigurationList = 9C1E93452109A859005740B4 /* Build configuration list for PBXNativeTarget "第三方库学习UITests" */;
			buildPhases = (
				9C1E93322109A859005740B4 /* Sources */,
				9C1E93332109A859005740B4 /* Frameworks */,
				9C1E93342109A859005740B4 /* Resources */,
			);
			buildRules = (
			);
			dependencies = (
				9C1E93382109A859005740B4 /* PBXTargetDependency */,
			);
			name = "第三方库学习UITests";
			productName = "第三方库学习UITests";
			productReference = 9C1E93362109A859005740B4 /* 第三方库学习UITests.xctest */;
			productType = "com.apple.product-type.bundle.ui-testing";
		};
/* End PBXNativeTarget section */

/* Begin PBXProject section */
		9C1E930F2109A84F005740B4 /* Project object */ = {
			isa = PBXProject;
			attributes = {
				LastSwiftUpdateCheck = 0930;
				LastUpgradeCheck = 0930;
				ORGANIZATIONNAME = "智网易联";
				TargetAttributes = {
					9C1E93162109A84F005740B4 = {
						CreatedOnToolsVersion = 9.3;
					};
					9C1E932A2109A859005740B4 = {
						CreatedOnToolsVersion = 9.3;
						TestTargetID = 9C1E93162109A84F005740B4;
					};
					9C1E93352109A859005740B4 = {
						CreatedOnToolsVersion = 9.3;
						TestTargetID = 9C1E93162109A84F005740B4;
					};
				};
			};
			buildConfigurationList = 9C1E93122109A84F005740B4 /* Build configuration list for PBXProject "第三方库学习" */;
			compatibilityVersion = "Xcode 9.3";
			developmentRegion = en;
			hasScannedForEncodings = 0;
			knownRegions = (
				en,
				Base,
			);
			mainGroup = 9C1E930E2109A84F005740B4;
			productRefGroup = 9C1E93182109A84F005740B4 /* Products */;
			projectDirPath = "";
			projectRoot = "";
			targets = (
				9C1E93162109A84F005740B4 /* 第三方库学习 */,
				9C1E932A2109A859005740B4 /* 第三方库学习Tests */,
				9C1E93352109A859005740B4 /* 第三方库学习UITests */,
			);
		};
/* End PBXProject section */

/* Begin PBXResourcesBuildPhase section */
		9C1E93152109A84F005740B4 /* Resources */ = {
			isa = PBXResourcesBuildPhase;
			buildActionMask = 2147483647;
			files = (
				9C1E934D2109D169005740B4 /* FlyLabelView.xib in Resources */,
				9C1E93252109A859005740B4 /* LaunchScreen.storyboard in Resources */,
				9C1E93222109A859005740B4 /* Assets.xcassets in Resources */,
				9C1E93202109A84F005740B4 /* Main.storyboard in Resources */,
			);
			runOnlyForDeploymentPostprocessing = 0;
		};
		9C1E93292109A859005740B4 /* Resources */ = {
			isa = PBXResourcesBuildPhase;
			buildActionMask = 2147483647;
			files = (
			);
			runOnlyForDeploymentPostprocessing = 0;
		};
		9C1E93342109A859005740B4 /* Resources */ = {
			isa = PBXResourcesBuildPhase;
			buildActionMask = 2147483647;
			files = (
			);
			runOnlyForDeploymentPostprocessing = 0;
		};
/* End PBXResourcesBuildPhase section */

/* Begin PBXSourcesBuildPhase section */
		9C1E93132109A84F005740B4 /* Sources */ = {
			isa = PBXSourcesBuildPhase;
			buildActionMask = 2147483647;
			files = (
				9C1E934C2109D169005740B4 /* FlyLabelView.swift in Sources */,
				9C1E931D2109A84F005740B4 /* ViewController.swift in Sources */,
				9C1E93512109D716005740B4 /* DanMuManager.swift in Sources */,
				9C1E931B2109A84F005740B4 /* AppDelegate.swift in Sources */,
				9C1E93492109ADC5005740B4 /* Dictionary.swift in Sources */,
			);
			runOnlyForDeploymentPostprocessing = 0;
		};
		9C1E93272109A859005740B4 /* Sources */ = {
			isa = PBXSourcesBuildPhase;
			buildActionMask = 2147483647;
			files = (
				9C1E93302109A859005740B4 /* ______Tests.swift in Sources */,
			);
			runOnlyForDeploymentPostprocessing = 0;
		};
		9C1E93322109A859005740B4 /* Sources */ = {
			isa = PBXSourcesBuildPhase;
			buildActionMask = 2147483647;
			files = (
				9C1E933B2109A859005740B4 /* ______UITests.swift in Sources */,
			);
			runOnlyForDeploymentPostprocessing = 0;
		};
/* End PBXSourcesBuildPhase section */

/* Begin PBXTargetDependency section */
		9C1E932D2109A859005740B4 /* PBXTargetDependency */ = {
			isa = PBXTargetDependency;
			target = 9C1E93162109A84F005740B4 /* 第三方库学习 */;
			targetProxy = 9C1E932C2109A859005740B4 /* PBXContainerItemProxy */;
		};
		9C1E93382109A859005740B4 /* PBXTargetDependency */ = {
			isa = PBXTargetDependency;
			target = 9C1E93162109A84F005740B4 /* 第三方库学习 */;
			targetProxy = 9C1E93372109A859005740B4 /* PBXContainerItemProxy */;
		};
/* End PBXTargetDependency section */

/* Begin PBXVariantGroup section */
		9C1E931E2109A84F005740B4 /* Main.storyboard */ = {
			isa = PBXVariantGroup;
			children = (
				9C1E931F2109A84F005740B4 /* Base */,
			);
			name = Main.storyboard;
			sourceTree = "<group>";
		};
		9C1E93232109A859005740B4 /* LaunchScreen.storyboard */ = {
			isa = PBXVariantGroup;
			children = (
				9C1E93242109A859005740B4 /* Base */,
			);
			name = LaunchScreen.storyboard;
			sourceTree = "<group>";
		};
/* End PBXVariantGroup section */

/* Begin XCBuildConfiguration section */
		9C1E933D2109A859005740B4 /* Debug */ = {
			isa = XCBuildConfiguration;
			buildSettings = {
				ALWAYS_SEARCH_USER_PATHS = NO;
				CLANG_ANALYZER_NONNULL = YES;
				CLANG_ANALYZER_NUMBER_OBJECT_CONVERSION = YES_AGGRESSIVE;
				CLANG_CXX_LANGUAGE_STANDARD = "gnu++14";
				CLANG_CXX_LIBRARY = "libc++";
				CLANG_ENABLE_MODULES = YES;
				CLANG_ENABLE_OBJC_ARC = YES;
				CLANG_ENABLE_OBJC_WEAK = YES;
				CLANG_WARN_BLOCK_CAPTURE_AUTORELEASING = YES;
				CLANG_WARN_BOOL_CONVERSION = YES;
				CLANG_WARN_COMMA = YES;
				CLANG_WARN_CONSTANT_CONVERSION = YES;
				CLANG_WARN_DEPRECATED_OBJC_IMPLEMENTATIONS = YES;
				CLANG_WARN_DIRECT_OBJC_ISA_USAGE = YES_ERROR;
				CLANG_WARN_DOCUMENTATION_COMMENTS = YES;
				CLANG_WARN_EMPTY_BODY = YES;
				CLANG_WARN_ENUM_CONVERSION = YES;
				CLANG_WARN_INFINITE_RECURSION = YES;
				CLANG_WARN_INT_CONVERSION = YES;
				CLANG_WARN_NON_LITERAL_NULL_CONVERSION = YES;
				CLANG_WARN_OBJC_IMPLICIT_RETAIN_SELF = YES;
				CLANG_WARN_OBJC_LITERAL_CONVERSION = YES;
				CLANG_WARN_OBJC_ROOT_CLASS = YES_ERROR;
				CLANG_WARN_RANGE_LOOP_ANALYSIS = YES;
				CLANG_WARN_STRICT_PROTOTYPES = YES;
				CLANG_WARN_SUSPICIOUS_MOVE = YES;
				CLANG_WARN_UNGUARDED_AVAILABILITY = YES_AGGRESSIVE;
				CLANG_WARN_UNREACHABLE_CODE = YES;
				CLANG_WARN__DUPLICATE_METHOD_MATCH = YES;
				CODE_SIGN_IDENTITY = "iPhone Developer";
				COPY_PHASE_STRIP = NO;
				DEBUG_INFORMATION_FORMAT = dwarf;
				ENABLE_STRICT_OBJC_MSGSEND = YES;
				ENABLE_TESTABILITY = YES;
				GCC_C_LANGUAGE_STANDARD = gnu11;
				GCC_DYNAMIC_NO_PIC = NO;
				GCC_NO_COMMON_BLOCKS = YES;
				GCC_OPTIMIZATION_LEVEL = 0;
				GCC_PREPROCESSOR_DEFINITIONS = (
					"DEBUG=1",
					"$(inherited)",
				);
				GCC_WARN_64_TO_32_BIT_CONVERSION = YES;
				GCC_WARN_ABOUT_RETURN_TYPE = YES_ERROR;
				GCC_WARN_UNDECLARED_SELECTOR = YES;
				GCC_WARN_UNINITIALIZED_AUTOS = YES_AGGRESSIVE;
				GCC_WARN_UNUSED_FUNCTION = YES;
				GCC_WARN_UNUSED_VARIABLE = YES;
				IPHONEOS_DEPLOYMENT_TARGET = 11.3;
				MTL_ENABLE_DEBUG_INFO = YES;
				ONLY_ACTIVE_ARCH = YES;
				SDKROOT = iphoneos;
				SWIFT_ACTIVE_COMPILATION_CONDITIONS = DEBUG;
				SWIFT_OPTIMIZATION_LEVEL = "-Onone";
			};
			name = Debug;
		};
		9C1E933E2109A859005740B4 /* Release */ = {
			isa = XCBuildConfiguration;
			buildSettings = {
				ALWAYS_SEARCH_USER_PATHS = NO;
				CLANG_ANALYZER_NONNULL = YES;
				CLANG_ANALYZER_NUMBER_OBJECT_CONVERSION = YES_AGGRESSIVE;
				CLANG_CXX_LANGUAGE_STANDARD = "gnu++14";
				CLANG_CXX_LIBRARY = "libc++";
				CLANG_ENABLE_MODULES = YES;
				CLANG_ENABLE_OBJC_ARC = YES;
				CLANG_ENABLE_OBJC_WEAK = YES;
				CLANG_WARN_BLOCK_CAPTURE_AUTORELEASING = YES;
				CLANG_WARN_BOOL_CONVERSION = YES;
				CLANG_WARN_COMMA = YES;
				CLANG_WARN_CONSTANT_CONVERSION = YES;
				CLANG_WARN_DEPRECATED_OBJC_IMPLEMENTATIONS = YES;
				CLANG_WARN_DIRECT_OBJC_ISA_USAGE = YES_ERROR;
				CLANG_WARN_DOCUMENTATION_COMMENTS = YES;
				CLANG_WARN_EMPTY_BODY = YES;
				CLANG_WARN_ENUM_CONVERSION = YES;
				CLANG_WARN_INFINITE_RECURSION = YES;
				CLANG_WARN_INT_CONVERSION = YES;
				CLANG_WARN_NON_LITERAL_NULL_CONVERSION = YES;
				CLANG_WARN_OBJC_IMPLICIT_RETAIN_SELF = YES;
				CLANG_WARN_OBJC_LITERAL_CONVERSION = YES;
				CLANG_WARN_OBJC_ROOT_CLASS = YES_ERROR;
				CLANG_WARN_RANGE_LOOP_ANALYSIS = YES;
				CLANG_WARN_STRICT_PROTOTYPES = YES;
				CLANG_WARN_SUSPICIOUS_MOVE = YES;
				CLANG_WARN_UNGUARDED_AVAILABILITY = YES_AGGRESSIVE;
				CLANG_WARN_UNREACHABLE_CODE = YES;
				CLANG_WARN__DUPLICATE_METHOD_MATCH = YES;
				CODE_SIGN_IDENTITY = "iPhone Developer";
				COPY_PHASE_STRIP = NO;
				DEBUG_INFORMATION_FORMAT = "dwarf-with-dsym";
				ENABLE_NS_ASSERTIONS = NO;
				ENABLE_STRICT_OBJC_MSGSEND = YES;
				GCC_C_LANGUAGE_STANDARD = gnu11;
				GCC_NO_COMMON_BLOCKS = YES;
				GCC_WARN_64_TO_32_BIT_CONVERSION = YES;
				GCC_WARN_ABOUT_RETURN_TYPE = YES_ERROR;
				GCC_WARN_UNDECLARED_SELECTOR = YES;
				GCC_WARN_UNINITIALIZED_AUTOS = YES_AGGRESSIVE;
				GCC_WARN_UNUSED_FUNCTION = YES;
				GCC_WARN_UNUSED_VARIABLE = YES;
				IPHONEOS_DEPLOYMENT_TARGET = 11.3;
				MTL_ENABLE_DEBUG_INFO = NO;
				SDKROOT = iphoneos;
				SWIFT_COMPILATION_MODE = wholemodule;
				SWIFT_OPTIMIZATION_LEVEL = "-O";
				VALIDATE_PRODUCT = YES;
			};
			name = Release;
		};
		9C1E93402109A859005740B4 /* Debug */ = {
			isa = XCBuildConfiguration;
			buildSettings = {
				ASSETCATALOG_COMPILER_APPICON_NAME = AppIcon;
				CODE_SIGN_STYLE = Automatic;
				DEVELOPMENT_TEAM = X9Y433KPH7;
				INFOPLIST_FILE = "第三方库学习/Info.plist";
				IPHONEOS_DEPLOYMENT_TARGET = 10.0;
				LD_RUNPATH_SEARCH_PATHS = (
					"$(inherited)",
					"@executable_path/Frameworks",
				);
				PRODUCT_BUNDLE_IDENTIFIER = "com.zwyl.www.swiftSDWebsz.------";
				PRODUCT_NAME = "$(TARGET_NAME)";
				SWIFT_VERSION = 4.0;
				TARGETED_DEVICE_FAMILY = "1,2";
			};
			name = Debug;
		};
		9C1E93412109A859005740B4 /* Release */ = {
			isa = XCBuildConfiguration;
			buildSettings = {
				ASSETCATALOG_COMPILER_APPICON_NAME = AppIcon;
				CODE_SIGN_STYLE = Automatic;
				DEVELOPMENT_TEAM = X9Y433KPH7;
				INFOPLIST_FILE = "第三方库学习/Info.plist";
				IPHONEOS_DEPLOYMENT_TARGET = 10.0;
				LD_RUNPATH_SEARCH_PATHS = (
					"$(inherited)",
					"@executable_path/Frameworks",
				);
				PRODUCT_BUNDLE_IDENTIFIER = "com.zwyl.www.swiftSDWebsz.------";
				PRODUCT_NAME = "$(TARGET_NAME)";
				SWIFT_VERSION = 4.0;
				TARGETED_DEVICE_FAMILY = "1,2";
			};
			name = Release;
		};
		9C1E93432109A859005740B4 /* Debug */ = {
			isa = XCBuildConfiguration;
			buildSettings = {
				ALWAYS_EMBED_SWIFT_STANDARD_LIBRARIES = YES;
				BUNDLE_LOADER = "$(TEST_HOST)";
				CODE_SIGN_STYLE = Automatic;
				DEVELOPMENT_TEAM = X9Y433KPH7;
				INFOPLIST_FILE = "第三方库学习Tests/Info.plist";
				LD_RUNPATH_SEARCH_PATHS = (
					"$(inherited)",
					"@executable_path/Frameworks",
					"@loader_path/Frameworks",
				);
				PRODUCT_BUNDLE_IDENTIFIER = "com.zwyl.www.swiftSDWebsz.------Tests";
				PRODUCT_NAME = "$(TARGET_NAME)";
				SWIFT_VERSION = 4.0;
				TARGETED_DEVICE_FAMILY = "1,2";
				TEST_HOST = "$(BUILT_PRODUCTS_DIR)/第三方库学习.app/第三方库学习";
			};
			name = Debug;
		};
		9C1E93442109A859005740B4 /* Release */ = {
			isa = XCBuildConfiguration;
			buildSettings = {
				ALWAYS_EMBED_SWIFT_STANDARD_LIBRARIES = YES;
				BUNDLE_LOADER = "$(TEST_HOST)";
				CODE_SIGN_STYLE = Automatic;
				DEVELOPMENT_TEAM = X9Y433KPH7;
				INFOPLIST_FILE = "第三方库学习Tests/Info.plist";
				LD_RUNPATH_SEARCH_PATHS = (
					"$(inherited)",
					"@executable_path/Frameworks",
					"@loader_path/Frameworks",
				);
				PRODUCT_BUNDLE_IDENTIFIER = "com.zwyl.www.swiftSDWebsz.------Tests";
				PRODUCT_NAME = "$(TARGET_NAME)";
				SWIFT_VERSION = 4.0;
				TARGETED_DEVICE_FAMILY = "1,2";
				TEST_HOST = "$(BUILT_PRODUCTS_DIR)/第三方库学习.app/第三方库学习";
			};
			name = Release;
		};
		9C1E93462109A859005740B4 /* Debug */ = {
			isa = XCBuildConfiguration;
			buildSettings = {
				ALWAYS_EMBED_SWIFT_STANDARD_LIBRARIES = YES;
				CODE_SIGN_STYLE = Automatic;
				DEVELOPMENT_TEAM = X9Y433KPH7;
				INFOPLIST_FILE = "第三方库学习UITests/Info.plist";
				LD_RUNPATH_SEARCH_PATHS = (
					"$(inherited)",
					"@executable_path/Frameworks",
					"@loader_path/Frameworks",
				);
				PRODUCT_BUNDLE_IDENTIFIER = "com.zwyl.www.swiftSDWebsz.------UITests";
				PRODUCT_NAME = "$(TARGET_NAME)";
				SWIFT_VERSION = 4.0;
				TARGETED_DEVICE_FAMILY = "1,2";
				TEST_TARGET_NAME = "第三方库学习";
			};
			name = Debug;
		};
		9C1E93472109A859005740B4 /* Release */ = {
			isa = XCBuildConfiguration;
			buildSettings = {
				ALWAYS_EMBED_SWIFT_STANDARD_LIBRARIES = YES;
				CODE_SIGN_STYLE = Automatic;
				DEVELOPMENT_TEAM = X9Y433KPH7;
				INFOPLIST_FILE = "第三方库学习UITests/Info.plist";
				LD_RUNPATH_SEARCH_PATHS = (
					"$(inherited)",
					"@executable_path/Frameworks",
					"@loader_path/Frameworks",
				);
				PRODUCT_BUNDLE_IDENTIFIER = "com.zwyl.www.swiftSDWebsz.------UITests";
				PRODUCT_NAME = "$(TARGET_NAME)";
				SWIFT_VERSION = 4.0;
				TARGETED_DEVICE_FAMILY = "1,2";
				TEST_TARGET_NAME = "第三方库学习";
			};
			name = Release;
		};
/* End XCBuildConfiguration section */

/* Begin XCConfigurationList section */
		9C1E93122109A84F005740B4 /* Build configuration list for PBXProject "第三方库学习" */ = {
			isa = XCConfigurationList;
			buildConfigurations = (
				9C1E933D2109A859005740B4 /* Debug */,
				9C1E933E2109A859005740B4 /* Release */,
			);
			defaultConfigurationIsVisible = 0;
			defaultConfigurationName = Release;
		};
		9C1E933F2109A859005740B4 /* Build configuration list for PBXNativeTarget "第三方库学习" */ = {
			isa = XCConfigurationList;
			buildConfigurations = (
				9C1E93402109A859005740B4 /* Debug */,
				9C1E93412109A859005740B4 /* Release */,
			);
			defaultConfigurationIsVisible = 0;
			defaultConfigurationName = Release;
		};
		9C1E93422109A859005740B4 /* Build configuration list for PBXNativeTarget "第三方库学习Tests" */ = {
			isa = XCConfigurationList;
			buildConfigurations = (
				9C1E93432109A859005740B4 /* Debug */,
				9C1E93442109A859005740B4 /* Release */,
			);
			defaultConfigurationIsVisible = 0;
			defaultConfigurationName = Release;
		};
		9C1E93452109A859005740B4 /* Build configuration list for PBXNativeTarget "第三方库学习UITests" */ = {
			isa = XCConfigurationList;
			buildConfigurations = (
				9C1E93462109A859005740B4 /* Debug */,
				9C1E93472109A859005740B4 /* Release */,
			);
			defaultConfigurationIsVisible = 0;
			defaultConfigurationName = Release;
		};
/* End XCConfigurationList section */
	};
	rootObject = 9C1E930F2109A84F005740B4 /* Project object */;
}
